{
  "projects": [
    {
      "projectId": "84wxoth5npGrp6RRXPL88z",
      "version": "4.27.0",
      "dependencies": {},
      "lang": "js",
      "fileLocks": [
        {
          "assetId": "84wxoth5npGrp6RRXPL88z",
          "type": "projectCss",
          "checksum": "d951314833b1846f4b7c384128792976"
        },
        {
          "assetId": "84wxoth5npGrp6RRXPL88z",
          "checksum": "14e34fc8ee04382a88f671116234a1e3",
          "type": "globalContexts"
        }
      ],
      "codegenVersion": "0.0.1"
    },
    {
      "projectId": "gLnoj82AzKVVT7qXiqAbHD",
      "version": "2.11.0",
      "dependencies": {},
      "lang": "js",
      "fileLocks": [
        {
          "assetId": "gLnoj82AzKVVT7qXiqAbHD",
          "type": "projectCss",
          "checksum": "e1ec850476829c38b0f9b6d4f7ac446a"
        },
        {
          "type": "renderModule",
          "assetId": "lBHNzts6tFyj",
          "checksum": "97b317fc3983808f088be5f0d91767c4"
        },
        {
          "type": "cssRules",
          "assetId": "lBHNzts6tFyj",
          "checksum": "97b317fc3983808f088be5f0d91767c4"
        },
        {
          "type": "icon",
          "assetId": "zq2s7N0xWucT",
          "checksum": "7691da81b3fdb3bd85f62a09bf3c2cc7"
        },
        {
          "type": "icon",
          "assetId": "8K40faRNhuCj",
          "checksum": "4fedd32cd8730884585d804464a39318"
        }
      ],
      "codegenVersion": "0.0.1"
    },
    {
      "projectId": "ohDidvG9XsCeFumugENU3J",
      "version": "6.25.0",
      "dependencies": {},
      "lang": "js",
      "fileLocks": [
        {
          "assetId": "ohDidvG9XsCeFumugENU3J",
          "type": "projectCss",
          "checksum": "fd83b730367fdbde2c69bc6cf31c2a3c"
        },
        {
          "assetId": "ohDidvG9XsCeFumugENU3J",
          "checksum": "de0a0e65174a6a185a8f822af51c6bdd",
          "type": "globalContexts"
        }
      ],
      "codegenVersion": "0.0.1"
    },
    {
      "projectId": "r3ASNrnyvLLLAtDvzUioQ",
      "version": "4.5.1",
      "dependencies": {},
      "lang": "js",
      "fileLocks": [
        {
          "assetId": "r3ASNrnyvLLLAtDvzUioQ",
          "type": "projectCss",
          "checksum": "e1ec850476829c38b0f9b6d4f7ac446a"
        }
      ],
      "codegenVersion": "0.0.1"
    },
    {
      "projectId": "7w3AimKvhNQygAijpdB7ms",
      "version": "latest",
      "dependencies": {
        "r3ASNrnyvLLLAtDvzUioQ": "4.5.1",
        "ohDidvG9XsCeFumugENU3J": "6.25.0",
        "gLnoj82AzKVVT7qXiqAbHD": "2.11.0",
        "84wxoth5npGrp6RRXPL88z": "4.27.0"
      },
      "lang": "js",
      "fileLocks": [
        {
          "type": "globalVariant",
          "assetId": "nU8idsSVI2F6",
          "checksum": "6a09731a89b13f9d134fd7fbf500bc32"
        },
        {
          "type": "globalVariant",
          "assetId": "S62AeS-Xkcux",
          "checksum": "7c64c6954fac12a80c26f56545264d73"
        },
        {
          "assetId": "7w3AimKvhNQygAijpdB7ms",
          "type": "projectCss",
          "checksum": "e19174fef61deefcc208a48c1a0e8a38"
        },
        {
          "assetId": "7w3AimKvhNQygAijpdB7ms",
          "checksum": "65ad8e85d3c96eacb6093aca74369880",
          "type": "globalContexts"
        },
        {
          "type": "renderModule",
          "assetId": "Cy-97SYueahC",
          "checksum": "6628ce15006efd7ee0c4f7245b05dd6b"
        },
        {
          "type": "cssRules",
          "assetId": "Cy-97SYueahC",
          "checksum": "6628ce15006efd7ee0c4f7245b05dd6b"
        },
        {
          "type": "renderModule",
          "assetId": "yq_sh5_l5COL",
          "checksum": "3d2786f291082b97c3ee97f2738985fa"
        },
        {
          "type": "cssRules",
          "assetId": "yq_sh5_l5COL",
          "checksum": "3d2786f291082b97c3ee97f2738985fa"
        },
        {
          "type": "renderModule",
          "assetId": "SSIvXflUB2k5",
          "checksum": "f283681b8a027dd3401566ce49ecc532"
        },
        {
          "type": "cssRules",
          "assetId": "SSIvXflUB2k5",
          "checksum": "f283681b8a027dd3401566ce49ecc532"
        },
        {
          "type": "renderModule",
          "assetId": "XhHp-qufC92V",
          "checksum": "c629e9f1533119b21a00c6fbbe4c2d54"
        },
        {
          "type": "cssRules",
          "assetId": "XhHp-qufC92V",
          "checksum": "c629e9f1533119b21a00c6fbbe4c2d54"
        },
        {
          "type": "renderModule",
          "assetId": "gTjWnYaMhWbD",
          "checksum": "ddbc45df07efd9d5f02072c3a7df7a01"
        },
        {
          "type": "cssRules",
          "assetId": "gTjWnYaMhWbD",
          "checksum": "ddbc45df07efd9d5f02072c3a7df7a01"
        },
        {
          "type": "renderModule",
          "assetId": "v_C8_9nFGt9L",
          "checksum": "1618d56d7297b8016d0239e0838f9967"
        },
        {
          "type": "cssRules",
          "assetId": "v_C8_9nFGt9L",
          "checksum": "1618d56d7297b8016d0239e0838f9967"
        },
        {
          "type": "renderModule",
          "assetId": "r-QFPFcU3uaM",
          "checksum": "519d58c92742efa7f9a0bc8da42f1383"
        },
        {
          "type": "cssRules",
          "assetId": "r-QFPFcU3uaM",
          "checksum": "519d58c92742efa7f9a0bc8da42f1383"
        },
        {
          "type": "renderModule",
          "assetId": "NsUGHpG-oO9I",
          "checksum": "bc0d4b4d75e489ef6b17955082aeaed8"
        },
        {
          "type": "cssRules",
          "assetId": "NsUGHpG-oO9I",
          "checksum": "bc0d4b4d75e489ef6b17955082aeaed8"
        },
        {
          "type": "renderModule",
          "assetId": "3JnCdnTerwol",
          "checksum": "ab7df1e1197da45db7534ce7cf647925"
        },
        {
          "type": "cssRules",
          "assetId": "3JnCdnTerwol",
          "checksum": "ab7df1e1197da45db7534ce7cf647925"
        },
        {
          "type": "renderModule",
          "assetId": "XpIpa1sfrmeh",
          "checksum": "a39108870cc211b1487476ee456071ec"
        },
        {
          "type": "cssRules",
          "assetId": "XpIpa1sfrmeh",
          "checksum": "a39108870cc211b1487476ee456071ec"
        },
        {
          "type": "renderModule",
          "assetId": "dmUUPbKmx-XV",
          "checksum": "9de4a01a28158a6945fbc59c95452d30"
        },
        {
          "type": "cssRules",
          "assetId": "dmUUPbKmx-XV",
          "checksum": "9de4a01a28158a6945fbc59c95452d30"
        },
        {
          "type": "renderModule",
          "assetId": "3Hx5Xex_O1aO",
          "checksum": "3ced579c45c1e28276e3fa48f6232ab8"
        },
        {
          "type": "cssRules",
          "assetId": "3Hx5Xex_O1aO",
          "checksum": "3ced579c45c1e28276e3fa48f6232ab8"
        },
        {
          "type": "renderModule",
          "assetId": "QgboW6bvwtkf",
          "checksum": "c7535daec7f4130c86008ca36432a76d"
        },
        {
          "type": "cssRules",
          "assetId": "QgboW6bvwtkf",
          "checksum": "c7535daec7f4130c86008ca36432a76d"
        },
        {
          "type": "renderModule",
          "assetId": "dJL4NKbYi32E",
          "checksum": "3ae93bd15428964ecf6ede47e4edc305"
        },
        {
          "type": "cssRules",
          "assetId": "dJL4NKbYi32E",
          "checksum": "3ae93bd15428964ecf6ede47e4edc305"
        },
        {
          "type": "renderModule",
          "assetId": "Ws3kZmgloHhQ",
          "checksum": "a3f176d96a3b31e6b1dc7470146b6b0e"
        },
        {
          "type": "cssRules",
          "assetId": "Ws3kZmgloHhQ",
          "checksum": "a3f176d96a3b31e6b1dc7470146b6b0e"
        },
        {
          "type": "renderModule",
          "assetId": "Qe_Hmrr_jlV3",
          "checksum": "dfc5bf7e9daf0a4ce71c08c5286f4afa"
        },
        {
          "type": "cssRules",
          "assetId": "Qe_Hmrr_jlV3",
          "checksum": "dfc5bf7e9daf0a4ce71c08c5286f4afa"
        },
        {
          "type": "renderModule",
          "assetId": "TurYmfwZ9Nwp",
          "checksum": "5bef70699859226b9af4075f8eec5f91"
        },
        {
          "type": "cssRules",
          "assetId": "TurYmfwZ9Nwp",
          "checksum": "5bef70699859226b9af4075f8eec5f91"
        },
        {
          "type": "renderModule",
          "assetId": "bczKgsd8lwW1",
          "checksum": "697f6f36936885451983ee811ce868fd"
        },
        {
          "type": "cssRules",
          "assetId": "bczKgsd8lwW1",
          "checksum": "697f6f36936885451983ee811ce868fd"
        },
        {
          "type": "renderModule",
          "assetId": "tBnuwi7VRsfU",
          "checksum": "53569d65013c3b9a27be897b4b5aeec0"
        },
        {
          "type": "cssRules",
          "assetId": "tBnuwi7VRsfU",
          "checksum": "53569d65013c3b9a27be897b4b5aeec0"
        },
        {
          "type": "renderModule",
          "assetId": "fSOoZ4T25s2x",
          "checksum": "6e3c54fd03c76c21f85e5359cd876da7"
        },
        {
          "type": "cssRules",
          "assetId": "fSOoZ4T25s2x",
          "checksum": "6e3c54fd03c76c21f85e5359cd876da7"
        },
        {
          "type": "renderModule",
          "assetId": "yZ_cQNVr9Dd_",
          "checksum": "48db4e8f4e610c01c606b4fe460c5dcd"
        },
        {
          "type": "cssRules",
          "assetId": "yZ_cQNVr9Dd_",
          "checksum": "48db4e8f4e610c01c606b4fe460c5dcd"
        },
        {
          "type": "icon",
          "assetId": "hLWJiHtF5AVD",
          "checksum": "24bbc25222f3a8aae14c3b37646ec8d1"
        },
        {
          "type": "icon",
          "assetId": "13gtm4V3y2AB",
          "checksum": "9d7a2fad423a47176048569444b211ae"
        },
        {
          "type": "icon",
          "assetId": "-OJzIcs60s6K",
          "checksum": "6253b721aaa4406445632579d0f56812"
        },
        {
          "type": "icon",
          "assetId": "BTvJmF2e8gkf",
          "checksum": "f88498a65c5bf9b0333194e03d94443f"
        },
        {
          "type": "icon",
          "assetId": "MauwfSulyWfi",
          "checksum": "d6395c01bf721d6eb080e101e9e43ae9"
        },
        {
          "type": "icon",
          "assetId": "9c5rMu3vAHu8",
          "checksum": "97fa03758fe2c2d7b86d8b6d2193e970"
        },
        {
          "type": "icon",
          "assetId": "5Ji1vGCP__gF",
          "checksum": "b4b41180139e6f2c5c506805f2108ab0"
        },
        {
          "type": "icon",
          "assetId": "O_iQ8yw8T8mz",
          "checksum": "3d7ef7f550dd4c64a8b3667353e6b366"
        },
        {
          "type": "icon",
          "assetId": "CUfpI2LffrsU",
          "checksum": "36fb0fd085d6a51db81ebf623e949d79"
        },
        {
          "type": "icon",
          "assetId": "siQOM5pX4AJy",
          "checksum": "009f30e0e11a1460036de6401da52a4b"
        },
        {
          "type": "icon",
          "assetId": "7WFDREapirVS",
          "checksum": "8b76f7f2aae4e19bd3750fae458a78aa"
        },
        {
          "type": "icon",
          "assetId": "AkvKAnhj5gsm",
          "checksum": "929d5a978e04c3ec60b77ab2b720c8a1"
        },
        {
          "type": "image",
          "assetId": "j3HlUojZQztl",
          "checksum": "76f54cf62ffa412391ba5ffff2bac946"
        },
        {
          "type": "image",
          "assetId": "NSVKru-Y1XZM",
          "checksum": "883874a7384b04648917234883959e29"
        },
        {
          "type": "image",
          "assetId": "_vW2DYGKqoSk",
          "checksum": "ac6977887eb875debb8bdc20d87e8a76"
        },
        {
          "type": "image",
          "assetId": "TyTD8H9GAAhZ",
          "checksum": "5363540384b69dd34d906aa83966d0fa"
        },
        {
          "type": "image",
          "assetId": "ceBsWY5G-XS0",
          "checksum": "6db44331153ac619e737a8310fac0cdd"
        },
        {
          "type": "image",
          "assetId": "HY-LHoxV8ywW",
          "checksum": "b479aa79f90fc762c2e222f02dbcce0f"
        },
        {
          "type": "image",
          "assetId": "fnTsAQTK6Bbm",
          "checksum": "1db376b97fae3c74842182571ad49418"
        },
        {
          "type": "image",
          "assetId": "kNliITWzlx-E",
          "checksum": "5fa7c77ea998c5cc1d16abe9e72edcd7"
        },
        {
          "type": "image",
          "assetId": "jylunh4zmTbm",
          "checksum": "903504cec7b7e1a199d760fa5db36244"
        },
        {
          "type": "image",
          "assetId": "_mWjO1_GLa9s",
          "checksum": "a6374d8fbba115bca22aaa26924c7b88"
        },
        {
          "type": "image",
          "assetId": "kZ_fxSQSH9Jy",
          "checksum": "8f036358e8425d806eab6fc167facd73"
        },
        {
          "type": "image",
          "assetId": "81KtB9i-oeqB",
          "checksum": "3c7be8ebf194b4f95a7dc1117e204ccb"
        },
        {
          "type": "image",
          "assetId": "10StViRxM8PA",
          "checksum": "84a6e0ee04e3cfe330483f765fa57342"
        },
        {
          "type": "image",
          "assetId": "L6_7Bn8TKH5N",
          "checksum": "b06cd3a6f92657e86a970afd2533fcd8"
        },
        {
          "type": "image",
          "assetId": "lCDTfe-VqWqs",
          "checksum": "af90efa125a537309de839bb5a99f29f"
        },
        {
          "type": "image",
          "assetId": "QmDQzOp5XcjC",
          "checksum": "40f35c26d5ac97dc439563a35f9aa492"
        },
        {
          "type": "image",
          "assetId": "CdRrlCBxEgbI",
          "checksum": "b8e4fb91346d50e7ee89780aced521f1"
        },
        {
          "type": "image",
          "assetId": "hWHsOJ127sCx",
          "checksum": "bc3aaacd6a9792085951986c472804a8"
        },
        {
          "type": "image",
          "assetId": "oWQOedLzAG--",
          "checksum": "b5dd33f10b08958830ffce7773830268"
        },
        {
          "type": "image",
          "assetId": "7cCSZgYA1lXm",
          "checksum": "8ad2575a098de428d07e18620c93a713"
        },
        {
          "type": "image",
          "assetId": "Z0qjluGERH7m",
          "checksum": "1e0569a2cc1d088e10fdb14cd0adcb1b"
        },
        {
          "type": "image",
          "assetId": "T7xe_-eEq_8Z",
          "checksum": "61af9e971c8bde1bd94612efbedde96b"
        },
        {
          "type": "image",
          "assetId": "i2eVhh2S9FSN",
          "checksum": "cfd7a0b840e86a5c17166eab5e7e362d"
        },
        {
          "type": "image",
          "assetId": "eZNwYdTxphEb",
          "checksum": "32588d5a8824bcf012a5475c7427b362"
        },
        {
          "type": "image",
          "assetId": "9DQhK1KrUngH",
          "checksum": "71d18653079b3e13cba5d2d3614a7565"
        },
        {
          "type": "image",
          "assetId": "UnRHxmVEXxrC",
          "checksum": "b51eb97841f1eaf9a254fb927e1dbd73"
        },
        {
          "type": "image",
          "assetId": "A_ZIq5VHOVh9",
          "checksum": "45e04311b3dcbca337a771c221e2be16"
        },
        {
          "type": "image",
          "assetId": "3ky2qTcObrkt",
          "checksum": "a20d79715f21f7dcc81532f0d109bc52"
        },
        {
          "type": "image",
          "assetId": "QOnmdvcEgMr1",
          "checksum": "60460157cf99b9615b7bece42ea32c0a"
        },
        {
          "type": "image",
          "assetId": "ZU2qqJnm_eEV",
          "checksum": "2a878ada10049000130bcc515ca1f8bd"
        },
        {
          "type": "image",
          "assetId": "lFG1T6LOVQ1d",
          "checksum": "0faf354eb265aed5bca3ba47ca30e59e"
        },
        {
          "type": "image",
          "assetId": "vg5Obe6x_F5E",
          "checksum": "848a9483d63c7a83214b9275e34a12a7"
        },
        {
          "type": "image",
          "assetId": "4bPduCP2RhJa",
          "checksum": "4ce5e196956b7d4b2da3285f4f788474"
        },
        {
          "type": "image",
          "assetId": "cx850In-2XYt",
          "checksum": "a41a62ba69b0045d3b71bff66dfca231"
        },
        {
          "type": "image",
          "assetId": "7Nf3KEQU73Wa",
          "checksum": "ff225ca4249bb8d51f183311b06fccf7"
        },
        {
          "type": "image",
          "assetId": "tjHc-Rlcezvb",
          "checksum": "6061aaead7ba78df621968569330b444"
        },
        {
          "type": "image",
          "assetId": "im09qpccOKF5",
          "checksum": "5ce298d7f7b5f63f6e1bb7047925d0e1"
        },
        {
          "type": "image",
          "assetId": "ANgW2xeHP0wu",
          "checksum": "f2968cc47fb1a7ccea78cd945e2f5a2f"
        },
        {
          "type": "image",
          "assetId": "w3qh2GHWnX9z",
          "checksum": "37a73f68b7280ab3bb2576d93b09916f"
        },
        {
          "type": "image",
          "assetId": "WLRoswSS7BdG",
          "checksum": "af693bb7d5df0c4e46d73a109b1720a6"
        },
        {
          "type": "image",
          "assetId": "rZtRYaqgmMMP",
          "checksum": "30c6ba42a022ffb16075f6039eb459fe"
        },
        {
          "type": "image",
          "assetId": "ldnuIBArGtkP",
          "checksum": "24d869cb60552eb7f58230b402e07d29"
        },
        {
          "type": "image",
          "assetId": "U8sVJXOsitvI",
          "checksum": "c464ad35560b14cf0a025680652f3697"
        },
        {
          "type": "image",
          "assetId": "ZqmL5Lg9vlFj",
          "checksum": "ec52c66c873a1b9158f9e439d1e3a8aa"
        },
        {
          "type": "image",
          "assetId": "GFh9OuWFfgLV",
          "checksum": "8e52d7fe6b623e24e47925f88e091899"
        },
        {
          "type": "image",
          "assetId": "6MeeC1SETnx-",
          "checksum": "7a308002820ee26358cacecb12f7657c"
        },
        {
          "type": "image",
          "assetId": "TmW9t-W4S5vL",
          "checksum": "8d78b05b0b913d3cd733a37666be02e0"
        },
        {
          "type": "image",
          "assetId": "kLBDYakq28P9",
          "checksum": "a37583c7c26cb729930e961ff16e1667"
        },
        {
          "type": "image",
          "assetId": "Y7hywSI0MO6E",
          "checksum": "4bc2c10eed3cb996e01841c0df537617"
        },
        {
          "type": "image",
          "assetId": "H-LCbJK90KH3",
          "checksum": "01d535f8560d8309b1d4ee8e9e675556"
        },
        {
          "type": "image",
          "assetId": "K_sJOgtkjZpg",
          "checksum": "9a853dd76e4646c4989966ed52257fd0"
        },
        {
          "type": "image",
          "assetId": "kYgXTRCcYrBi",
          "checksum": "ba3c19cd6eecf5c63fdb4369df4ed20a"
        },
        {
          "type": "image",
          "assetId": "v0NpWVVZzrI6",
          "checksum": "5a863cdc4df3e9a8f9afb23b7d472e1c"
        },
        {
          "type": "image",
          "assetId": "4K_KjM3cl7jx",
          "checksum": "ee8382970fb49749dac4567e5d62a40c"
        },
        {
          "type": "image",
          "assetId": "sJUiILy37Zev",
          "checksum": "47f71b88de70af27b1a253c3bcd271cc"
        },
        {
          "type": "image",
          "assetId": "xOErTIcYwnyH",
          "checksum": "106f4c13616edc907f46afdedc99b0e6"
        },
        {
          "type": "image",
          "assetId": "zwvuosp_9QLA",
          "checksum": "80b15fb852178c30c6b0ce02b8d0e89f"
        },
        {
          "type": "image",
          "assetId": "ZscaIhw8-goR",
          "checksum": "a930931c2f693d3fdfd3f4a4fc778872"
        },
        {
          "type": "image",
          "assetId": "g8CC7WmUWrhz",
          "checksum": "c6267d441cc36d260eb3e96ffb5920e4"
        },
        {
          "type": "image",
          "assetId": "03uj8RK_yi8o",
          "checksum": "b1bb387bec2f065d9daffa96678f333a"
        },
        {
          "type": "image",
          "assetId": "31IzpgF-TlVR",
          "checksum": "8b951380733b6cd3bbc87620267833bc"
        },
        {
          "type": "image",
          "assetId": "JXlH4tAMBXCT",
          "checksum": "622d58aa401c61c56ee53806536e6e29"
        },
        {
          "type": "image",
          "assetId": "LvojH-zMhx4m",
          "checksum": "66bf3824864ad3f2cb327aa54a54c8ce"
        },
        {
          "type": "image",
          "assetId": "e78eiBennrLz",
          "checksum": "257132627b4788ccb2e71744192b72f6"
        },
        {
          "type": "image",
          "assetId": "UrPvbeQgvLqX",
          "checksum": "847089fa976fa1d4eb46fa07ede8a1ba"
        },
        {
          "type": "image",
          "assetId": "ik6CLnU4Drhz",
          "checksum": "9bee61da6c068e85d546f5032d0be352"
        },
        {
          "type": "image",
          "assetId": "fKTybLenlB5A",
          "checksum": "db40535a5efd549a6193d543a688c12b"
        },
        {
          "type": "image",
          "assetId": "L67Y2WaifeGB",
          "checksum": "384e2c658b766ae1e647f31cec61f4a6"
        },
        {
          "type": "image",
          "assetId": "6xIUdwqjnTzt",
          "checksum": "4085b2e37faaaa4987d768a92db454d1"
        },
        {
          "type": "image",
          "assetId": "8MqjOCePO9cQ",
          "checksum": "7d6f7ece1a525d563cc55333de489408"
        },
        {
          "type": "image",
          "assetId": "Oqb660WqRDiL",
          "checksum": "5a3cd6c2f7b52e47642a47b8ab9ff801"
        },
        {
          "type": "image",
          "assetId": "PBI9r36Taic1",
          "checksum": "5812f5d467b9eb605a6c82a9570f7ef8"
        },
        {
          "type": "image",
          "assetId": "mko8yh5dsEGq",
          "checksum": "0c9b87f0407e8352f6f811c75d67396b"
        },
        {
          "type": "image",
          "assetId": "2Ew8iPG5WeKq",
          "checksum": "10959479380de868e2a321478d9e32f6"
        },
        {
          "type": "image",
          "assetId": "xiwqWFtlaTAl",
          "checksum": "f9fd3841c8f410b78c93303f40583a1f"
        },
        {
          "type": "image",
          "assetId": "5DAXPjHv2aLy",
          "checksum": "0bf0de995414a34505cd10e6cd03c00c"
        },
        {
          "type": "image",
          "assetId": "9CBurdEZ-s-b",
          "checksum": "9a4adc5a480dd5e6121250f2a261c1e6"
        },
        {
          "type": "image",
          "assetId": "vi8VGWupkw2O",
          "checksum": "6e0564e5d48c12d8970bcc1ba41a9e9a"
        },
        {
          "type": "image",
          "assetId": "XT2KqcAEWU4I",
          "checksum": "75af535024a2855ca79ecb8e27a43185"
        }
      ],
      "codegenVersion": "0.0.1"
    }
  ],
  "cliVersion": "0.1.331"
}
